
Microsoft Visual Studio Solution File, Format Version 12.00
# Visual Studio Version 17
VisualStudioVersion = 17.13.35919.96 d17.13
MinimumVisualStudioVersion = 10.0.40219.1
Project("{FAE04EC0-301F-11D3-BF4B-00C04F79EFBC}") = "MinecraftManagerWinForms", "MinecraftManagerWinForms.csproj", "{EDCF1DD4-A5EC-7186-5968-7A733FC0F8B8}"
EndProject
Global
	GlobalSection(SolutionConfigurationPlatforms) = preSolution
		Debug|Any CPU = Debug|Any CPU
		Release|Any CPU = Release|Any CPU
	EndGlobalSection
	GlobalSection(ProjectConfigurationPlatforms) = postSolution
		{EDCF1DD4-A5EC-7186-5968-7A733FC0F8B8}.Debug|Any CPU.ActiveCfg = Debug|Any CPU
		{EDCF1DD4-A5EC-7186-5968-7A733FC0F8B8}.Debug|Any CPU.Build.0 = Debug|Any CPU
		{EDCF1DD4-A5EC-7186-5968-7A733FC0F8B8}.Release|Any CPU.ActiveCfg = Release|Any CPU
		{EDCF1DD4-A5EC-7186-5968-7A733FC0F8B8}.Release|Any CPU.Build.0 = Release|Any CPU
	EndGlobalSection
	GlobalSection(SolutionProperties) = preSolution
		HideSolutionNode = FALSE
	EndGlobalSection
	GlobalSection(ExtensibilityGlobals) = postSolution
		SolutionGuid = {AA10602A-F0E9-4969-8C57-BF3F1D1E7D32}
	EndGlobalSection
EndGlobal
